
Microsoft Visual Studio Solution File, Format Version 12.00
# Visual Studio 15
VisualStudioVersion = 15.0.28307.852
MinimumVisualStudioVersion = 10.0.40219.1
Project("{FAE04EC0-301F-11D3-BF4B-00C04F79EFBC}") = "GoodVision", "GoodVision.csproj", "{001511CE-F22E-4FB3-80B3-CD2667DC2637}"
EndProject
Project("{FAE04EC0-301F-11D3-BF4B-00C04F79EFBC}") = "RoundButtonTwo", "..\..\kurs\RoundButtonTwo\RoundButtonTwo.csproj", "{1A993FF3-91FD-4EF0-8011-81184AA9F8A6}"
EndProject
Project("{FAE04EC0-301F-11D3-BF4B-00C04F79EFBC}") = "rbutton", "..\..\rbutton\rbutton\rbutton.csproj", "{10610C41-2771-4A80-B1A7-60E413A6A447}"
EndProject
Project("{FAE04EC0-301F-11D3-BF4B-00C04F79EFBC}") = "CustomButton", "..\..\kurs\CustomButton\CustomButton.csproj", "{B8AA22DF-0B74-41F4-9445-5C398B41DB9D}"
EndProject
Global
	GlobalSection(SolutionConfigurationPlatforms) = preSolution
		Debug|Any CPU = Debug|Any CPU
		Release|Any CPU = Release|Any CPU
	EndGlobalSection
	GlobalSection(ProjectConfigurationPlatforms) = postSolution
		{001511CE-F22E-4FB3-80B3-CD2667DC2637}.Debug|Any CPU.ActiveCfg = Debug|Any CPU
		{001511CE-F22E-4FB3-80B3-CD2667DC2637}.Debug|Any CPU.Build.0 = Debug|Any CPU
		{001511CE-F22E-4FB3-80B3-CD2667DC2637}.Release|Any CPU.ActiveCfg = Release|Any CPU
		{001511CE-F22E-4FB3-80B3-CD2667DC2637}.Release|Any CPU.Build.0 = Release|Any CPU
		{1A993FF3-91FD-4EF0-8011-81184AA9F8A6}.Debug|Any CPU.ActiveCfg = Debug|Any CPU
		{1A993FF3-91FD-4EF0-8011-81184AA9F8A6}.Debug|Any CPU.Build.0 = Debug|Any CPU
		{1A993FF3-91FD-4EF0-8011-81184AA9F8A6}.Release|Any CPU.ActiveCfg = Release|Any CPU
		{1A993FF3-91FD-4EF0-8011-81184AA9F8A6}.Release|Any CPU.Build.0 = Release|Any CPU
		{10610C41-2771-4A80-B1A7-60E413A6A447}.Debug|Any CPU.ActiveCfg = Debug|Any CPU
		{10610C41-2771-4A80-B1A7-60E413A6A447}.Debug|Any CPU.Build.0 = Debug|Any CPU
		{10610C41-2771-4A80-B1A7-60E413A6A447}.Release|Any CPU.ActiveCfg = Release|Any CPU
		{10610C41-2771-4A80-B1A7-60E413A6A447}.Release|Any CPU.Build.0 = Release|Any CPU
		{B8AA22DF-0B74-41F4-9445-5C398B41DB9D}.Debug|Any CPU.ActiveCfg = Debug|Any CPU
		{B8AA22DF-0B74-41F4-9445-5C398B41DB9D}.Debug|Any CPU.Build.0 = Debug|Any CPU
		{B8AA22DF-0B74-41F4-9445-5C398B41DB9D}.Release|Any CPU.ActiveCfg = Release|Any CPU
		{B8AA22DF-0B74-41F4-9445-5C398B41DB9D}.Release|Any CPU.Build.0 = Release|Any CPU
	EndGlobalSection
	GlobalSection(SolutionProperties) = preSolution
		HideSolutionNode = FALSE
	EndGlobalSection
	GlobalSection(ExtensibilityGlobals) = postSolution
		SolutionGuid = {1F3AC760-B874-45D7-B253-1891769ED91A}
	EndGlobalSection
EndGlobal
